
Microsoft Visual Studio Solution File, Format Version 12.00
# Visual Studio Version 16
VisualStudioVersion = 16.0.31410.357
MinimumVisualStudioVersion = 10.0.40219.1
Project("{FAE04EC0-301F-11D3-BF4B-00C04F79EFBC}") = "HastaSiraOtomasyon", "HastaSiraOtomasyon\HastaSiraOtomasyon.csproj", "{3A2230DA-B410-4A0F-844B-DF776B9715A1}"
EndProject
Global
	GlobalSection(SolutionConfigurationPlatforms) = preSolution
		Debug|Any CPU = Debug|Any CPU
		Release|Any CPU = Release|Any CPU
	EndGlobalSection
	GlobalSection(ProjectConfigurationPlatforms) = postSolution
		{3A2230DA-B410-4A0F-844B-DF776B9715A1}.Debug|Any CPU.ActiveCfg = Debug|Any CPU
		{3A2230DA-B410-4A0F-844B-DF776B9715A1}.Debug|Any CPU.Build.0 = Debug|Any CPU
		{3A2230DA-B410-4A0F-844B-DF776B9715A1}.Release|Any CPU.ActiveCfg = Release|Any CPU
		{3A2230DA-B410-4A0F-844B-DF776B9715A1}.Release|Any CPU.Build.0 = Release|Any CPU
	EndGlobalSection
	GlobalSection(SolutionProperties) = preSolution
		HideSolutionNode = FALSE
	EndGlobalSection
	GlobalSection(ExtensibilityGlobals) = postSolution
		SolutionGuid = {255FF119-075C-468C-8F98-2087AFFDDF09}
	EndGlobalSection
EndGlobal
